
Microsoft Visual Studio Solution File, Format Version 12.00
# Visual Studio Version 16
VisualStudioVersion = 16.0.31702.278
MinimumVisualStudioVersion = 10.0.40219.1
Project("{FAE04EC0-301F-11D3-BF4B-00C04F79EFBC}") = "MyVectorGraphicsEditor", "My vector graphics editor\MyVectorGraphicsEditor.csproj", "{81B3AE46-AE5C-4C6C-8ABA-7683FB7B90AE}"
EndProject
Global
	GlobalSection(SolutionConfigurationPlatforms) = preSolution
		Debug|Any CPU = Debug|Any CPU
		Release|Any CPU = Release|Any CPU
	EndGlobalSection
	GlobalSection(ProjectConfigurationPlatforms) = postSolution
		{81B3AE46-AE5C-4C6C-8ABA-7683FB7B90AE}.Debug|Any CPU.ActiveCfg = Debug|Any CPU
		{81B3AE46-AE5C-4C6C-8ABA-7683FB7B90AE}.Debug|Any CPU.Build.0 = Debug|Any CPU
		{81B3AE46-AE5C-4C6C-8ABA-7683FB7B90AE}.Release|Any CPU.ActiveCfg = Release|Any CPU
		{81B3AE46-AE5C-4C6C-8ABA-7683FB7B90AE}.Release|Any CPU.Build.0 = Release|Any CPU
	EndGlobalSection
	GlobalSection(SolutionProperties) = preSolution
		HideSolutionNode = FALSE
	EndGlobalSection
	GlobalSection(ExtensibilityGlobals) = postSolution
		SolutionGuid = {C2B55072-EC1D-400C-8F66-02BDFEAFA432}
	EndGlobalSection
EndGlobal
